
Microsoft Visual Studio Solution File, Format Version 12.00
# Visual Studio 15
VisualStudioVersion = 15.0.26730.16
MinimumVisualStudioVersion = 10.0.40219.1
Project("{FAE04EC0-301F-11D3-BF4B-00C04F79EFBC}") = "Question_two_solution_rachel_coster", "Question_two_solution_rachel_coster\Question_two_solution_rachel_coster.csproj", "{BB0B3EA1-57F7-489C-8194-4CC281DFE25F}"
EndProject
Global
	GlobalSection(SolutionConfigurationPlatforms) = preSolution
		Debug|Any CPU = Debug|Any CPU
		Release|Any CPU = Release|Any CPU
	EndGlobalSection
	GlobalSection(ProjectConfigurationPlatforms) = postSolution
		{BB0B3EA1-57F7-489C-8194-4CC281DFE25F}.Debug|Any CPU.ActiveCfg = Debug|Any CPU
		{BB0B3EA1-57F7-489C-8194-4CC281DFE25F}.Debug|Any CPU.Build.0 = Debug|Any CPU
		{BB0B3EA1-57F7-489C-8194-4CC281DFE25F}.Release|Any CPU.ActiveCfg = Release|Any CPU
		{BB0B3EA1-57F7-489C-8194-4CC281DFE25F}.Release|Any CPU.Build.0 = Release|Any CPU
	EndGlobalSection
	GlobalSection(SolutionProperties) = preSolution
		HideSolutionNode = FALSE
	EndGlobalSection
	GlobalSection(ExtensibilityGlobals) = postSolution
		SolutionGuid = {73C4B5A3-5FBA-4D70-9037-71B4E0F346C5}
	EndGlobalSection
EndGlobal
